
Microsoft Visual Studio Solution File, Format Version 11.00
# Visual Studio 2010
Project("{FAE04EC0-301F-11D3-BF4B-00C04F79EFBC}") = "Pflanzenzelle VR", "Assembly-CSharp.csproj", "{04B21CCD-283F-0CCF-8A2D-2FFE5D49D490}"
EndProject
Project("{FAE04EC0-301F-11D3-BF4B-00C04F79EFBC}") = "Pflanzenzelle VR", "Assembly-CSharp-Editor.csproj", "{3EFEAFAA-B83D-4E57-8F23-119BF6C0B37D}"
EndProject
Global
	GlobalSection(SolutionConfigurationPlatforms) = preSolution
		Debug|Any CPU = Debug|Any CPU
		Release|Any CPU = Release|Any CPU
	EndGlobalSection
	GlobalSection(ProjectConfigurationPlatforms) = postSolution
		{04B21CCD-283F-0CCF-8A2D-2FFE5D49D490}.Debug|Any CPU.ActiveCfg = Debug|Any CPU
		{04B21CCD-283F-0CCF-8A2D-2FFE5D49D490}.Debug|Any CPU.Build.0 = Debug|Any CPU
		{04B21CCD-283F-0CCF-8A2D-2FFE5D49D490}.Release|Any CPU.ActiveCfg = Release|Any CPU
		{04B21CCD-283F-0CCF-8A2D-2FFE5D49D490}.Release|Any CPU.Build.0 = Release|Any CPU
		{3EFEAFAA-B83D-4E57-8F23-119BF6C0B37D}.Debug|Any CPU.ActiveCfg = Debug|Any CPU
		{3EFEAFAA-B83D-4E57-8F23-119BF6C0B37D}.Debug|Any CPU.Build.0 = Debug|Any CPU
		{3EFEAFAA-B83D-4E57-8F23-119BF6C0B37D}.Release|Any CPU.ActiveCfg = Release|Any CPU
		{3EFEAFAA-B83D-4E57-8F23-119BF6C0B37D}.Release|Any CPU.Build.0 = Release|Any CPU
	EndGlobalSection
	GlobalSection(SolutionProperties) = preSolution
		HideSolutionNode = FALSE
	EndGlobalSection
	GlobalSection(MonoDevelopProperties) = preSolution
		StartupItem = Assembly-CSharp.csproj
	EndGlobalSection
EndGlobal
